// !$*UTF8*$!
{
	archiveVersion = 1;
	classes = {
	};
	objectVersion = 54;
	objects = {

/* Begin PBXBuildFile section */
		00E356F31AD99517003FC87E /* QuemMeDeveTests.m in Sources */ = {isa = PBXBuildFile; fileRef = 00E356F21AD99517003FC87E /* QuemMeDeveTests.m */; };
		13B07FBC1A68108700A75B9A /* AppDelegate.m in Sources */ = {isa = PBXBuildFile; fileRef = 13B07FB01A68108700A75B9A /* AppDelegate.m */; };
		13B07FBF1A68108700A75B9A /* Images.xcassets in Resources */ = {isa = PBXBuildFile; fileRef = 13B07FB51A68108700A75B9A /* Images.xcassets */; };
		13B07FC11A68108700A75B9A /* main.m in Sources */ = {isa = PBXBuildFile; fileRef = 13B07FB71A68108700A75B9A /* main.m */; };
		6172F2D35A4C3AA820D92908 /* libPods-QuemMeDeve.a in Frameworks */ = {isa = PBXBuildFile; fileRef = 6423831EA8574132BED9D8CC /* libPods-QuemMeDeve.a */; };
		7EF68E3733C33B6898317E18 /* libPods-QuemMeDeve-QuemMeDeveTests.a in Frameworks */ = {isa = PBXBuildFile; fileRef = ABFE59519B596E51CEFDCCC0 /* libPods-QuemMeDeve-QuemMeDeveTests.a */; };
		81AB9BB82411601600AC10FF /* LaunchScreen.storyboard in Resources */ = {isa = PBXBuildFile; fileRef = 81AB9BB72411601600AC10FF /* LaunchScreen.storyboard */; };
		67FEBBADE710466B9F174E5E /* Montserrat-Black.ttf in Resources */ = {isa = PBXBuildFile; fileRef = DA57B928638F431D935690D5 /* Montserrat-Black.ttf */; };
		839DA6EB79DB4E4999CED349 /* Montserrat-BlackItalic.ttf in Resources */ = {isa = PBXBuildFile; fileRef = 7E0F2E22B3EB45EDA015E033 /* Montserrat-BlackItalic.ttf */; };
		9AC98702F9D6450AB588575F /* Montserrat-Bold.ttf in Resources */ = {isa = PBXBuildFile; fileRef = CC2AB3C0C4C84B868873CAF8 /* Montserrat-Bold.ttf */; };
		B957331A7FF74305AD690191 /* Montserrat-BoldItalic.ttf in Resources */ = {isa = PBXBuildFile; fileRef = 009988845CF84AE9A6E68EF4 /* Montserrat-BoldItalic.ttf */; };
		AEC112178BAA41A9A9B59C15 /* Montserrat-ExtraBold.ttf in Resources */ = {isa = PBXBuildFile; fileRef = C92414D1108D4984BED09A0E /* Montserrat-ExtraBold.ttf */; };
		33D31B9FB66A4CB597A0209D /* Montserrat-ExtraBoldItalic.ttf in Resources */ = {isa = PBXBuildFile; fileRef = 9255E30FAD3A4E50AFBA9305 /* Montserrat-ExtraBoldItalic.ttf */; };
		BF9DAC451DBF48BF81BEA29B /* Montserrat-ExtraLight.ttf in Resources */ = {isa = PBXBuildFile; fileRef = F6F3027D2E2C4924903A4E21 /* Montserrat-ExtraLight.ttf */; };
		F9BEDBC256954933AE3FE556 /* Montserrat-ExtraLightItalic.ttf in Resources */ = {isa = PBXBuildFile; fileRef = A59F9EAE4FA3423AB196C1D3 /* Montserrat-ExtraLightItalic.ttf */; };
		B2657730176E4126976C92B3 /* Montserrat-Italic.ttf in Resources */ = {isa = PBXBuildFile; fileRef = 89829DA5AF5B49FE8A5DFDD5 /* Montserrat-Italic.ttf */; };
		08CC6913607440C1842245B5 /* Montserrat-Light.ttf in Resources */ = {isa = PBXBuildFile; fileRef = C771DD4C2ED8413F9F5E59B0 /* Montserrat-Light.ttf */; };
		D61CCD705F8840C7A5395798 /* Montserrat-LightItalic.ttf in Resources */ = {isa = PBXBuildFile; fileRef = CB57F0E3F0994544B25EE1CC /* Montserrat-LightItalic.ttf */; };
		F5147F40970D4B5D8180369F /* Montserrat-Medium.ttf in Resources */ = {isa = PBXBuildFile; fileRef = 4CC6606616B043F3AA057494 /* Montserrat-Medium.ttf */; };
		D01F5C03340143CFAC97C073 /* Montserrat-MediumItalic.ttf in Resources */ = {isa = PBXBuildFile; fileRef = 580B05EA68FC4C03BB727977 /* Montserrat-MediumItalic.ttf */; };
		6DB75E84EDA5401487B58DF0 /* Montserrat-Regular.ttf in Resources */ = {isa = PBXBuildFile; fileRef = E4238F66900A4C918D0D2B3D /* Montserrat-Regular.ttf */; };
		B20440C59D304951ACC8F591 /* Montserrat-SemiBold.ttf in Resources */ = {isa = PBXBuildFile; fileRef = 839330A26CE744D9A3A03C38 /* Montserrat-SemiBold.ttf */; };
		3EC98BFCFE594D53888B4EB3 /* Montserrat-SemiBoldItalic.ttf in Resources */ = {isa = PBXBuildFile; fileRef = 9FE8F2D634AE419091570DE5 /* Montserrat-SemiBoldItalic.ttf */; };
		4B05C1BF9C304A2591C83962 /* Montserrat-Thin.ttf in Resources */ = {isa = PBXBuildFile; fileRef = 54A014AA0EF0430295CB8889 /* Montserrat-Thin.ttf */; };
		5E0DFE10FFCD42348C1EC195 /* Montserrat-ThinItalic.ttf in Resources */ = {isa = PBXBuildFile; fileRef = F6A42D8EAE594A1C9830ADD5 /* Montserrat-ThinItalic.ttf */; };
		AF249FCB02A64A73AD7A3EE0 /* AntDesign.ttf in Resources */ = {isa = PBXBuildFile; fileRef = 5E5E615363FB4A149CEF2040 /* AntDesign.ttf */; };
		3118E86713FE4760A8CFF15D /* Entypo.ttf in Resources */ = {isa = PBXBuildFile; fileRef = D303E3D7449049C8AED88AE6 /* Entypo.ttf */; };
		2E5E663167164A058068B7BE /* EvilIcons.ttf in Resources */ = {isa = PBXBuildFile; fileRef = ABB0F6F971BE4D19B3E8E9FB /* EvilIcons.ttf */; };
		9E0FA9B8582441A5934466FA /* Feather.ttf in Resources */ = {isa = PBXBuildFile; fileRef = 2162725A22B849DEA90D7514 /* Feather.ttf */; };
		F29B24E72C3741019D42F522 /* FontAwesome.ttf in Resources */ = {isa = PBXBuildFile; fileRef = E8EB79CB74E046A5B362443A /* FontAwesome.ttf */; };
		0B60156B97DD4A179FC583D3 /* FontAwesome5_Brands.ttf in Resources */ = {isa = PBXBuildFile; fileRef = 753F51BED06F46C48BD2A473 /* FontAwesome5_Brands.ttf */; };
		F14D1A05F1A446ACB68A5328 /* FontAwesome5_Regular.ttf in Resources */ = {isa = PBXBuildFile; fileRef = C9C7EA4987F94FCE9043AC5C /* FontAwesome5_Regular.ttf */; };
		14D6846B21AD44FD8F524322 /* FontAwesome5_Solid.ttf in Resources */ = {isa = PBXBuildFile; fileRef = 7586B9C0924048EE88064478 /* FontAwesome5_Solid.ttf */; };
		1A28CAC54E3E4F75A4185AC2 /* Fontisto.ttf in Resources */ = {isa = PBXBuildFile; fileRef = 38C12068A1E74C0E8317F42E /* Fontisto.ttf */; };
		88C71FA9B3DA4B8AB6F91895 /* Foundation.ttf in Resources */ = {isa = PBXBuildFile; fileRef = C461A332F69D43019221A6BD /* Foundation.ttf */; };
		78BA422EB66B4E5C97D684BF /* Ionicons.ttf in Resources */ = {isa = PBXBuildFile; fileRef = A2AF7BB46C624A99907FFD09 /* Ionicons.ttf */; };
		B2FC7784E39645C584732326 /* MaterialCommunityIcons.ttf in Resources */ = {isa = PBXBuildFile; fileRef = 3EDE2C29CE59441EA0D9129E /* MaterialCommunityIcons.ttf */; };
		BF8C730174F841389502C6E3 /* MaterialIcons.ttf in Resources */ = {isa = PBXBuildFile; fileRef = C251ABF2D41D4F5281B1B2A2 /* MaterialIcons.ttf */; };
		774C0D7541EE4153B8CE1E0B /* Octicons.ttf in Resources */ = {isa = PBXBuildFile; fileRef = 57643C0DF4D8468A96D570D5 /* Octicons.ttf */; };
		E5AEB50E657E490895D89EEA /* SimpleLineIcons.ttf in Resources */ = {isa = PBXBuildFile; fileRef = D5E82246EF334D3083504705 /* SimpleLineIcons.ttf */; };
		5FAA3751B7C341A4A38F15F3 /* Zocial.ttf in Resources */ = {isa = PBXBuildFile; fileRef = 038D035E422B4407BAD6D88E /* Zocial.ttf */; };
		87521A6D480F44FA8D929226 /* ProductSans-Black.ttf in Resources */ = {isa = PBXBuildFile; fileRef = 169F334D5AED48D7940C10A0 /* ProductSans-Black.ttf */; };
		68A1CD6C9C67414DB106BF83 /* ProductSans-BlackItalic.ttf in Resources */ = {isa = PBXBuildFile; fileRef = 5AC236641CF240C695A16458 /* ProductSans-BlackItalic.ttf */; };
		2BF697EFE48844C98810940F /* ProductSans-Bold.ttf in Resources */ = {isa = PBXBuildFile; fileRef = 5ABEB9BB833B48099A5ECCD3 /* ProductSans-Bold.ttf */; };
		9BDCD9B693434F56A1B5FE3C /* ProductSans-BoldItalic.ttf in Resources */ = {isa = PBXBuildFile; fileRef = 4A3379D567CF4FD59F2A543C /* ProductSans-BoldItalic.ttf */; };
		31E843E09350416F8616310E /* ProductSans-Italic.ttf in Resources */ = {isa = PBXBuildFile; fileRef = 24FC7E981D8E4146A431F75C /* ProductSans-Italic.ttf */; };
		9CC3E3F5C6B349948986CA95 /* ProductSans-Light.ttf in Resources */ = {isa = PBXBuildFile; fileRef = 022F08DFF3994171A8EACC54 /* ProductSans-Light.ttf */; };
		5840AE16EBA445E7BB9F6644 /* ProductSans-LightItalic.ttf in Resources */ = {isa = PBXBuildFile; fileRef = 445A81E62C99439DA91574C6 /* ProductSans-LightItalic.ttf */; };
		38A927759D5F40DBB7474D2F /* ProductSans-Medium.ttf in Resources */ = {isa = PBXBuildFile; fileRef = 84B810C344C84C6A8E9C4BD8 /* ProductSans-Medium.ttf */; };
		F690E3EAE38141DCAC1451FC /* ProductSans-MediumItalic.ttf in Resources */ = {isa = PBXBuildFile; fileRef = 2B073FC719A6441A99C753D9 /* ProductSans-MediumItalic.ttf */; };
		1C9118B8165849099C6A933E /* ProductSans-Regular.ttf in Resources */ = {isa = PBXBuildFile; fileRef = 6559BA8969C74AEA90CE6DEB /* ProductSans-Regular.ttf */; };
		0B7FD162AA5D4770ACCFAD08 /* ProductSans-Thin.ttf in Resources */ = {isa = PBXBuildFile; fileRef = CBE6B420A6044BACB7D23668 /* ProductSans-Thin.ttf */; };
		5618D28A936446C0A0615F4E /* ProductSans-ThinItalic.ttf in Resources */ = {isa = PBXBuildFile; fileRef = 9AB5AD795BBB4C82B9BB837E /* ProductSans-ThinItalic.ttf */; };
/* End PBXBuildFile section */

/* Begin PBXContainerItemProxy section */
		00E356F41AD99517003FC87E /* PBXContainerItemProxy */ = {
			isa = PBXContainerItemProxy;
			containerPortal = 83CBB9F71A601CBA00E9B192 /* Project object */;
			proxyType = 1;
			remoteGlobalIDString = 13B07F861A680F5B00A75B9A;
			remoteInfo = QuemMeDeve;
		};
/* End PBXContainerItemProxy section */

/* Begin PBXFileReference section */
		00E356EE1AD99517003FC87E /* QuemMeDeveTests.xctest */ = {isa = PBXFileReference; explicitFileType = wrapper.cfbundle; includeInIndex = 0; path = QuemMeDeveTests.xctest; sourceTree = BUILT_PRODUCTS_DIR; };
		00E356F11AD99517003FC87E /* Info.plist */ = {isa = PBXFileReference; lastKnownFileType = text.plist.xml; path = Info.plist; sourceTree = "<group>"; };
		00E356F21AD99517003FC87E /* QuemMeDeveTests.m */ = {isa = PBXFileReference; lastKnownFileType = sourcecode.c.objc; path = QuemMeDeveTests.m; sourceTree = "<group>"; };
		13B07F961A680F5B00A75B9A /* QuemMeDeve.app */ = {isa = PBXFileReference; explicitFileType = wrapper.application; includeInIndex = 0; path = QuemMeDeve.app; sourceTree = BUILT_PRODUCTS_DIR; };
		13B07FAF1A68108700A75B9A /* AppDelegate.h */ = {isa = PBXFileReference; fileEncoding = 4; lastKnownFileType = sourcecode.c.h; name = AppDelegate.h; path = QuemMeDeve/AppDelegate.h; sourceTree = "<group>"; };
		13B07FB01A68108700A75B9A /* AppDelegate.m */ = {isa = PBXFileReference; fileEncoding = 4; lastKnownFileType = sourcecode.c.objc; name = AppDelegate.m; path = QuemMeDeve/AppDelegate.m; sourceTree = "<group>"; };
		13B07FB51A68108700A75B9A /* Images.xcassets */ = {isa = PBXFileReference; lastKnownFileType = folder.assetcatalog; name = Images.xcassets; path = QuemMeDeve/Images.xcassets; sourceTree = "<group>"; };
		13B07FB61A68108700A75B9A /* Info.plist */ = {isa = PBXFileReference; fileEncoding = 4; lastKnownFileType = text.plist.xml; name = Info.plist; path = QuemMeDeve/Info.plist; sourceTree = "<group>"; };
		13B07FB71A68108700A75B9A /* main.m */ = {isa = PBXFileReference; fileEncoding = 4; lastKnownFileType = sourcecode.c.objc; name = main.m; path = QuemMeDeve/main.m; sourceTree = "<group>"; };
		1D0AE47A65C8663E3B452821 /* Pods-QuemMeDeve-QuemMeDeveTests.release.xcconfig */ = {isa = PBXFileReference; includeInIndex = 1; lastKnownFileType = text.xcconfig; name = "Pods-QuemMeDeve-QuemMeDeveTests.release.xcconfig"; path = "Target Support Files/Pods-QuemMeDeve-QuemMeDeveTests/Pods-QuemMeDeve-QuemMeDeveTests.release.xcconfig"; sourceTree = "<group>"; };
		6423831EA8574132BED9D8CC /* libPods-QuemMeDeve.a */ = {isa = PBXFileReference; explicitFileType = archive.ar; includeInIndex = 0; path = "libPods-QuemMeDeve.a"; sourceTree = BUILT_PRODUCTS_DIR; };
		6C97AB639B58BBB4B15BBE30 /* Pods-QuemMeDeve-QuemMeDeveTests.debug.xcconfig */ = {isa = PBXFileReference; includeInIndex = 1; lastKnownFileType = text.xcconfig; name = "Pods-QuemMeDeve-QuemMeDeveTests.debug.xcconfig"; path = "Target Support Files/Pods-QuemMeDeve-QuemMeDeveTests/Pods-QuemMeDeve-QuemMeDeveTests.debug.xcconfig"; sourceTree = "<group>"; };
		81AB9BB72411601600AC10FF /* LaunchScreen.storyboard */ = {isa = PBXFileReference; fileEncoding = 4; lastKnownFileType = file.storyboard; name = LaunchScreen.storyboard; path = QuemMeDeve/LaunchScreen.storyboard; sourceTree = "<group>"; };
		ABFE59519B596E51CEFDCCC0 /* libPods-QuemMeDeve-QuemMeDeveTests.a */ = {isa = PBXFileReference; explicitFileType = archive.ar; includeInIndex = 0; path = "libPods-QuemMeDeve-QuemMeDeveTests.a"; sourceTree = BUILT_PRODUCTS_DIR; };
		C0A881CF5CF3F2B244570E2A /* Pods-QuemMeDeve.debug.xcconfig */ = {isa = PBXFileReference; includeInIndex = 1; lastKnownFileType = text.xcconfig; name = "Pods-QuemMeDeve.debug.xcconfig"; path = "Target Support Files/Pods-QuemMeDeve/Pods-QuemMeDeve.debug.xcconfig"; sourceTree = "<group>"; };
		D00AAFFCFCFDA5787532823F /* Pods-QuemMeDeve.release.xcconfig */ = {isa = PBXFileReference; includeInIndex = 1; lastKnownFileType = text.xcconfig; name = "Pods-QuemMeDeve.release.xcconfig"; path = "Target Support Files/Pods-QuemMeDeve/Pods-QuemMeDeve.release.xcconfig"; sourceTree = "<group>"; };
		ED297162215061F000B7C4FE /* JavaScriptCore.framework */ = {isa = PBXFileReference; lastKnownFileType = wrapper.framework; name = JavaScriptCore.framework; path = System/Library/Frameworks/JavaScriptCore.framework; sourceTree = SDKROOT; };
		DA57B928638F431D935690D5 /* Montserrat-Black.ttf */ = {isa = PBXFileReference; name = "Montserrat-Black.ttf"; path = "../src/assets/fonts/Montserrat/Montserrat-Black.ttf"; sourceTree = "<group>"; fileEncoding = undefined; lastKnownFileType = unknown; explicitFileType = undefined; includeInIndex = 0; };
		7E0F2E22B3EB45EDA015E033 /* Montserrat-BlackItalic.ttf */ = {isa = PBXFileReference; name = "Montserrat-BlackItalic.ttf"; path = "../src/assets/fonts/Montserrat/Montserrat-BlackItalic.ttf"; sourceTree = "<group>"; fileEncoding = undefined; lastKnownFileType = unknown; explicitFileType = undefined; includeInIndex = 0; };
		CC2AB3C0C4C84B868873CAF8 /* Montserrat-Bold.ttf */ = {isa = PBXFileReference; name = "Montserrat-Bold.ttf"; path = "../src/assets/fonts/Montserrat/Montserrat-Bold.ttf"; sourceTree = "<group>"; fileEncoding = undefined; lastKnownFileType = unknown; explicitFileType = undefined; includeInIndex = 0; };
		009988845CF84AE9A6E68EF4 /* Montserrat-BoldItalic.ttf */ = {isa = PBXFileReference; name = "Montserrat-BoldItalic.ttf"; path = "../src/assets/fonts/Montserrat/Montserrat-BoldItalic.ttf"; sourceTree = "<group>"; fileEncoding = undefined; lastKnownFileType = unknown; explicitFileType = undefined; includeInIndex = 0; };
		C92414D1108D4984BED09A0E /* Montserrat-ExtraBold.ttf */ = {isa = PBXFileReference; name = "Montserrat-ExtraBold.ttf"; path = "../src/assets/fonts/Montserrat/Montserrat-ExtraBold.ttf"; sourceTree = "<group>"; fileEncoding = undefined; lastKnownFileType = unknown; explicitFileType = undefined; includeInIndex = 0; };
		9255E30FAD3A4E50AFBA9305 /* Montserrat-ExtraBoldItalic.ttf */ = {isa = PBXFileReference; name = "Montserrat-ExtraBoldItalic.ttf"; path = "../src/assets/fonts/Montserrat/Montserrat-ExtraBoldItalic.ttf"; sourceTree = "<group>"; fileEncoding = undefined; lastKnownFileType = unknown; explicitFileType = undefined; includeInIndex = 0; };
		F6F3027D2E2C4924903A4E21 /* Montserrat-ExtraLight.ttf */ = {isa = PBXFileReference; name = "Montserrat-ExtraLight.ttf"; path = "../src/assets/fonts/Montserrat/Montserrat-ExtraLight.ttf"; sourceTree = "<group>"; fileEncoding = undefined; lastKnownFileType = unknown; explicitFileType = undefined; includeInIndex = 0; };
		A59F9EAE4FA3423AB196C1D3 /* Montserrat-ExtraLightItalic.ttf */ = {isa = PBXFileReference; name = "Montserrat-ExtraLightItalic.ttf"; path = "../src/assets/fonts/Montserrat/Montserrat-ExtraLightItalic.ttf"; sourceTree = "<group>"; fileEncoding = undefined; lastKnownFileType = unknown; explicitFileType = undefined; includeInIndex = 0; };
		89829DA5AF5B49FE8A5DFDD5 /* Montserrat-Italic.ttf */ = {isa = PBXFileReference; name = "Montserrat-Italic.ttf"; path = "../src/assets/fonts/Montserrat/Montserrat-Italic.ttf"; sourceTree = "<group>"; fileEncoding = undefined; lastKnownFileType = unknown; explicitFileType = undefined; includeInIndex = 0; };
		C771DD4C2ED8413F9F5E59B0 /* Montserrat-Light.ttf */ = {isa = PBXFileReference; name = "Montserrat-Light.ttf"; path = "../src/assets/fonts/Montserrat/Montserrat-Light.ttf"; sourceTree = "<group>"; fileEncoding = undefined; lastKnownFileType = unknown; explicitFileType = undefined; includeInIndex = 0; };
		CB57F0E3F0994544B25EE1CC /* Montserrat-LightItalic.ttf */ = {isa = PBXFileReference; name = "Montserrat-LightItalic.ttf"; path = "../src/assets/fonts/Montserrat/Montserrat-LightItalic.ttf"; sourceTree = "<group>"; fileEncoding = undefined; lastKnownFileType = unknown; explicitFileType = undefined; includeInIndex = 0; };
		4CC6606616B043F3AA057494 /* Montserrat-Medium.ttf */ = {isa = PBXFileReference; name = "Montserrat-Medium.ttf"; path = "../src/assets/fonts/Montserrat/Montserrat-Medium.ttf"; sourceTree = "<group>"; fileEncoding = undefined; lastKnownFileType = unknown; explicitFileType = undefined; includeInIndex = 0; };
		580B05EA68FC4C03BB727977 /* Montserrat-MediumItalic.ttf */ = {isa = PBXFileReference; name = "Montserrat-MediumItalic.ttf"; path = "../src/assets/fonts/Montserrat/Montserrat-MediumItalic.ttf"; sourceTree = "<group>"; fileEncoding = undefined; lastKnownFileType = unknown; explicitFileType = undefined; includeInIndex = 0; };
		E4238F66900A4C918D0D2B3D /* Montserrat-Regular.ttf */ = {isa = PBXFileReference; name = "Montserrat-Regular.ttf"; path = "../src/assets/fonts/Montserrat/Montserrat-Regular.ttf"; sourceTree = "<group>"; fileEncoding = undefined; lastKnownFileType = unknown; explicitFileType = undefined; includeInIndex = 0; };
		839330A26CE744D9A3A03C38 /* Montserrat-SemiBold.ttf */ = {isa = PBXFileReference; name = "Montserrat-SemiBold.ttf"; path = "../src/assets/fonts/Montserrat/Montserrat-SemiBold.ttf"; sourceTree = "<group>"; fileEncoding = undefined; lastKnownFileType = unknown; explicitFileType = undefined; includeInIndex = 0; };
		9FE8F2D634AE419091570DE5 /* Montserrat-SemiBoldItalic.ttf */ = {isa = PBXFileReference; name = "Montserrat-SemiBoldItalic.ttf"; path = "../src/assets/fonts/Montserrat/Montserrat-SemiBoldItalic.ttf"; sourceTree = "<group>"; fileEncoding = undefined; lastKnownFileType = unknown; explicitFileType = undefined; includeInIndex = 0; };
		54A014AA0EF0430295CB8889 /* Montserrat-Thin.ttf */ = {isa = PBXFileReference; name = "Montserrat-Thin.ttf"; path = "../src/assets/fonts/Montserrat/Montserrat-Thin.ttf"; sourceTree = "<group>"; fileEncoding = undefined; lastKnownFileType = unknown; explicitFileType = undefined; includeInIndex = 0; };
		F6A42D8EAE594A1C9830ADD5 /* Montserrat-ThinItalic.ttf */ = {isa = PBXFileReference; name = "Montserrat-ThinItalic.ttf"; path = "../src/assets/fonts/Montserrat/Montserrat-ThinItalic.ttf"; sourceTree = "<group>"; fileEncoding = undefined; lastKnownFileType = unknown; explicitFileType = undefined; includeInIndex = 0; };
		5E5E615363FB4A149CEF2040 /* AntDesign.ttf */ = {isa = PBXFileReference; name = "AntDesign.ttf"; path = "../node_modules/react-native-vector-icons/Fonts/AntDesign.ttf"; sourceTree = "<group>"; fileEncoding = undefined; lastKnownFileType = unknown; explicitFileType = undefined; includeInIndex = 0; };
		D303E3D7449049C8AED88AE6 /* Entypo.ttf */ = {isa = PBXFileReference; name = "Entypo.ttf"; path = "../node_modules/react-native-vector-icons/Fonts/Entypo.ttf"; sourceTree = "<group>"; fileEncoding = undefined; lastKnownFileType = unknown; explicitFileType = undefined; includeInIndex = 0; };
		ABB0F6F971BE4D19B3E8E9FB /* EvilIcons.ttf */ = {isa = PBXFileReference; name = "EvilIcons.ttf"; path = "../node_modules/react-native-vector-icons/Fonts/EvilIcons.ttf"; sourceTree = "<group>"; fileEncoding = undefined; lastKnownFileType = unknown; explicitFileType = undefined; includeInIndex = 0; };
		2162725A22B849DEA90D7514 /* Feather.ttf */ = {isa = PBXFileReference; name = "Feather.ttf"; path = "../node_modules/react-native-vector-icons/Fonts/Feather.ttf"; sourceTree = "<group>"; fileEncoding = undefined; lastKnownFileType = unknown; explicitFileType = undefined; includeInIndex = 0; };
		E8EB79CB74E046A5B362443A /* FontAwesome.ttf */ = {isa = PBXFileReference; name = "FontAwesome.ttf"; path = "../node_modules/react-native-vector-icons/Fonts/FontAwesome.ttf"; sourceTree = "<group>"; fileEncoding = undefined; lastKnownFileType = unknown; explicitFileType = undefined; includeInIndex = 0; };
		753F51BED06F46C48BD2A473 /* FontAwesome5_Brands.ttf */ = {isa = PBXFileReference; name = "FontAwesome5_Brands.ttf"; path = "../node_modules/react-native-vector-icons/Fonts/FontAwesome5_Brands.ttf"; sourceTree = "<group>"; fileEncoding = undefined; lastKnownFileType = unknown; explicitFileType = undefined; includeInIndex = 0; };
		C9C7EA4987F94FCE9043AC5C /* FontAwesome5_Regular.ttf */ = {isa = PBXFileReference; name = "FontAwesome5_Regular.ttf"; path = "../node_modules/react-native-vector-icons/Fonts/FontAwesome5_Regular.ttf"; sourceTree = "<group>"; fileEncoding = undefined; lastKnownFileType = unknown; explicitFileType = undefined; includeInIndex = 0; };
		7586B9C0924048EE88064478 /* FontAwesome5_Solid.ttf */ = {isa = PBXFileReference; name = "FontAwesome5_Solid.ttf"; path = "../node_modules/react-native-vector-icons/Fonts/FontAwesome5_Solid.ttf"; sourceTree = "<group>"; fileEncoding = undefined; lastKnownFileType = unknown; explicitFileType = undefined; includeInIndex = 0; };
		38C12068A1E74C0E8317F42E /* Fontisto.ttf */ = {isa = PBXFileReference; name = "Fontisto.ttf"; path = "../node_modules/react-native-vector-icons/Fonts/Fontisto.ttf"; sourceTree = "<group>"; fileEncoding = undefined; lastKnownFileType = unknown; explicitFileType = undefined; includeInIndex = 0; };
		C461A332F69D43019221A6BD /* Foundation.ttf */ = {isa = PBXFileReference; name = "Foundation.ttf"; path = "../node_modules/react-native-vector-icons/Fonts/Foundation.ttf"; sourceTree = "<group>"; fileEncoding = undefined; lastKnownFileType = unknown; explicitFileType = undefined; includeInIndex = 0; };
		A2AF7BB46C624A99907FFD09 /* Ionicons.ttf */ = {isa = PBXFileReference; name = "Ionicons.ttf"; path = "../node_modules/react-native-vector-icons/Fonts/Ionicons.ttf"; sourceTree = "<group>"; fileEncoding = undefined; lastKnownFileType = unknown; explicitFileType = undefined; includeInIndex = 0; };
		3EDE2C29CE59441EA0D9129E /* MaterialCommunityIcons.ttf */ = {isa = PBXFileReference; name = "MaterialCommunityIcons.ttf"; path = "../node_modules/react-native-vector-icons/Fonts/MaterialCommunityIcons.ttf"; sourceTree = "<group>"; fileEncoding = undefined; lastKnownFileType = unknown; explicitFileType = undefined; includeInIndex = 0; };
		C251ABF2D41D4F5281B1B2A2 /* MaterialIcons.ttf */ = {isa = PBXFileReference; name = "MaterialIcons.ttf"; path = "../node_modules/react-native-vector-icons/Fonts/MaterialIcons.ttf"; sourceTree = "<group>"; fileEncoding = undefined; lastKnownFileType = unknown; explicitFileType = undefined; includeInIndex = 0; };
		57643C0DF4D8468A96D570D5 /* Octicons.ttf */ = {isa = PBXFileReference; name = "Octicons.ttf"; path = "../node_modules/react-native-vector-icons/Fonts/Octicons.ttf"; sourceTree = "<group>"; fileEncoding = undefined; lastKnownFileType = unknown; explicitFileType = undefined; includeInIndex = 0; };
		D5E82246EF334D3083504705 /* SimpleLineIcons.ttf */ = {isa = PBXFileReference; name = "SimpleLineIcons.ttf"; path = "../node_modules/react-native-vector-icons/Fonts/SimpleLineIcons.ttf"; sourceTree = "<group>"; fileEncoding = undefined; lastKnownFileType = unknown; explicitFileType = undefined; includeInIndex = 0; };
		038D035E422B4407BAD6D88E /* Zocial.ttf */ = {isa = PBXFileReference; name = "Zocial.ttf"; path = "../node_modules/react-native-vector-icons/Fonts/Zocial.ttf"; sourceTree = "<group>"; fileEncoding = undefined; lastKnownFileType = unknown; explicitFileType = undefined; includeInIndex = 0; };
		169F334D5AED48D7940C10A0 /* ProductSans-Black.ttf */ = {isa = PBXFileReference; name = "ProductSans-Black.ttf"; path = "../src/assets/fonts/google-sans/ProductSans-Black.ttf"; sourceTree = "<group>"; fileEncoding = undefined; lastKnownFileType = unknown; explicitFileType = undefined; includeInIndex = 0; };
		5AC236641CF240C695A16458 /* ProductSans-BlackItalic.ttf */ = {isa = PBXFileReference; name = "ProductSans-BlackItalic.ttf"; path = "../src/assets/fonts/google-sans/ProductSans-BlackItalic.ttf"; sourceTree = "<group>"; fileEncoding = undefined; lastKnownFileType = unknown; explicitFileType = undefined; includeInIndex = 0; };
		5ABEB9BB833B48099A5ECCD3 /* ProductSans-Bold.ttf */ = {isa = PBXFileReference; name = "ProductSans-Bold.ttf"; path = "../src/assets/fonts/google-sans/ProductSans-Bold.ttf"; sourceTree = "<group>"; fileEncoding = undefined; lastKnownFileType = unknown; explicitFileType = undefined; includeInIndex = 0; };
		4A3379D567CF4FD59F2A543C /* ProductSans-BoldItalic.ttf */ = {isa = PBXFileReference; name = "ProductSans-BoldItalic.ttf"; path = "../src/assets/fonts/google-sans/ProductSans-BoldItalic.ttf"; sourceTree = "<group>"; fileEncoding = undefined; lastKnownFileType = unknown; explicitFileType = undefined; includeInIndex = 0; };
		24FC7E981D8E4146A431F75C /* ProductSans-Italic.ttf */ = {isa = PBXFileReference; name = "ProductSans-Italic.ttf"; path = "../src/assets/fonts/google-sans/ProductSans-Italic.ttf"; sourceTree = "<group>"; fileEncoding = undefined; lastKnownFileType = unknown; explicitFileType = undefined; includeInIndex = 0; };
		022F08DFF3994171A8EACC54 /* ProductSans-Light.ttf */ = {isa = PBXFileReference; name = "ProductSans-Light.ttf"; path = "../src/assets/fonts/google-sans/ProductSans-Light.ttf"; sourceTree = "<group>"; fileEncoding = undefined; lastKnownFileType = unknown; explicitFileType = undefined; includeInIndex = 0; };
		445A81E62C99439DA91574C6 /* ProductSans-LightItalic.ttf */ = {isa = PBXFileReference; name = "ProductSans-LightItalic.ttf"; path = "../src/assets/fonts/google-sans/ProductSans-LightItalic.ttf"; sourceTree = "<group>"; fileEncoding = undefined; lastKnownFileType = unknown; explicitFileType = undefined; includeInIndex = 0; };
		84B810C344C84C6A8E9C4BD8 /* ProductSans-Medium.ttf */ = {isa = PBXFileReference; name = "ProductSans-Medium.ttf"; path = "../src/assets/fonts/google-sans/ProductSans-Medium.ttf"; sourceTree = "<group>"; fileEncoding = undefined; lastKnownFileType = unknown; explicitFileType = undefined; includeInIndex = 0; };
		2B073FC719A6441A99C753D9 /* ProductSans-MediumItalic.ttf */ = {isa = PBXFileReference; name = "ProductSans-MediumItalic.ttf"; path = "../src/assets/fonts/google-sans/ProductSans-MediumItalic.ttf"; sourceTree = "<group>"; fileEncoding = undefined; lastKnownFileType = unknown; explicitFileType = undefined; includeInIndex = 0; };
		6559BA8969C74AEA90CE6DEB /* ProductSans-Regular.ttf */ = {isa = PBXFileReference; name = "ProductSans-Regular.ttf"; path = "../src/assets/fonts/google-sans/ProductSans-Regular.ttf"; sourceTree = "<group>"; fileEncoding = undefined; lastKnownFileType = unknown; explicitFileType = undefined; includeInIndex = 0; };
		CBE6B420A6044BACB7D23668 /* ProductSans-Thin.ttf */ = {isa = PBXFileReference; name = "ProductSans-Thin.ttf"; path = "../src/assets/fonts/google-sans/ProductSans-Thin.ttf"; sourceTree = "<group>"; fileEncoding = undefined; lastKnownFileType = unknown; explicitFileType = undefined; includeInIndex = 0; };
		9AB5AD795BBB4C82B9BB837E /* ProductSans-ThinItalic.ttf */ = {isa = PBXFileReference; name = "ProductSans-ThinItalic.ttf"; path = "../src/assets/fonts/google-sans/ProductSans-ThinItalic.ttf"; sourceTree = "<group>"; fileEncoding = undefined; lastKnownFileType = unknown; explicitFileType = undefined; includeInIndex = 0; };
/* End PBXFileReference section */

/* Begin PBXFrameworksBuildPhase section */
		00E356EB1AD99517003FC87E /* Frameworks */ = {
			isa = PBXFrameworksBuildPhase;
			buildActionMask = 2147483647;
			files = (
				7EF68E3733C33B6898317E18 /* libPods-QuemMeDeve-QuemMeDeveTests.a in Frameworks */,
			);
			runOnlyForDeploymentPostprocessing = 0;
		};
		13B07F8C1A680F5B00A75B9A /* Frameworks */ = {
			isa = PBXFrameworksBuildPhase;
			buildActionMask = 2147483647;
			files = (
				6172F2D35A4C3AA820D92908 /* libPods-QuemMeDeve.a in Frameworks */,
			);
			runOnlyForDeploymentPostprocessing = 0;
		};
/* End PBXFrameworksBuildPhase section */

/* Begin PBXGroup section */
		00E356EF1AD99517003FC87E /* QuemMeDeveTests */ = {
			isa = PBXGroup;
			children = (
				00E356F21AD99517003FC87E /* QuemMeDeveTests.m */,
				00E356F01AD99517003FC87E /* Supporting Files */,
			);
			path = QuemMeDeveTests;
			sourceTree = "<group>";
		};
		00E356F01AD99517003FC87E /* Supporting Files */ = {
			isa = PBXGroup;
			children = (
				00E356F11AD99517003FC87E /* Info.plist */,
			);
			name = "Supporting Files";
			sourceTree = "<group>";
		};
		13B07FAE1A68108700A75B9A /* QuemMeDeve */ = {
			isa = PBXGroup;
			children = (
				13B07FAF1A68108700A75B9A /* AppDelegate.h */,
				13B07FB01A68108700A75B9A /* AppDelegate.m */,
				13B07FB51A68108700A75B9A /* Images.xcassets */,
				13B07FB61A68108700A75B9A /* Info.plist */,
				81AB9BB72411601600AC10FF /* LaunchScreen.storyboard */,
				13B07FB71A68108700A75B9A /* main.m */,
			);
			name = QuemMeDeve;
			sourceTree = "<group>";
		};
		2D16E6871FA4F8E400B85C8A /* Frameworks */ = {
			isa = PBXGroup;
			children = (
				ED297162215061F000B7C4FE /* JavaScriptCore.framework */,
				6423831EA8574132BED9D8CC /* libPods-QuemMeDeve.a */,
				ABFE59519B596E51CEFDCCC0 /* libPods-QuemMeDeve-QuemMeDeveTests.a */,
			);
			name = Frameworks;
			sourceTree = "<group>";
		};
		832341AE1AAA6A7D00B99B32 /* Libraries */ = {
			isa = PBXGroup;
			children = (
			);
			name = Libraries;
			sourceTree = "<group>";
		};
		83CBB9F61A601CBA00E9B192 = {
			isa = PBXGroup;
			children = (
				13B07FAE1A68108700A75B9A /* QuemMeDeve */,
				832341AE1AAA6A7D00B99B32 /* Libraries */,
				00E356EF1AD99517003FC87E /* QuemMeDeveTests */,
				83CBBA001A601CBA00E9B192 /* Products */,
				2D16E6871FA4F8E400B85C8A /* Frameworks */,
				E233CBF5F47BEE60B243DCF8 /* Pods */,
				71E8B0B4247E489CBCAFD5A5 /* Resources */,
			);
			indentWidth = 2;
			sourceTree = "<group>";
			tabWidth = 2;
			usesTabs = 0;
		};
		83CBBA001A601CBA00E9B192 /* Products */ = {
			isa = PBXGroup;
			children = (
				13B07F961A680F5B00A75B9A /* QuemMeDeve.app */,
				00E356EE1AD99517003FC87E /* QuemMeDeveTests.xctest */,
			);
			name = Products;
			sourceTree = "<group>";
		};
		E233CBF5F47BEE60B243DCF8 /* Pods */ = {
			isa = PBXGroup;
			children = (
				C0A881CF5CF3F2B244570E2A /* Pods-QuemMeDeve.debug.xcconfig */,
				D00AAFFCFCFDA5787532823F /* Pods-QuemMeDeve.release.xcconfig */,
				6C97AB639B58BBB4B15BBE30 /* Pods-QuemMeDeve-QuemMeDeveTests.debug.xcconfig */,
				1D0AE47A65C8663E3B452821 /* Pods-QuemMeDeve-QuemMeDeveTests.release.xcconfig */,
			);
			name = Pods;
			path = Pods;
			sourceTree = "<group>";
		};
		71E8B0B4247E489CBCAFD5A5 /* Resources */ = {
			isa = "PBXGroup";
			children = (
				DA57B928638F431D935690D5 /* Montserrat-Black.ttf */,
				7E0F2E22B3EB45EDA015E033 /* Montserrat-BlackItalic.ttf */,
				CC2AB3C0C4C84B868873CAF8 /* Montserrat-Bold.ttf */,
				009988845CF84AE9A6E68EF4 /* Montserrat-BoldItalic.ttf */,
				C92414D1108D4984BED09A0E /* Montserrat-ExtraBold.ttf */,
				9255E30FAD3A4E50AFBA9305 /* Montserrat-ExtraBoldItalic.ttf */,
				F6F3027D2E2C4924903A4E21 /* Montserrat-ExtraLight.ttf */,
				A59F9EAE4FA3423AB196C1D3 /* Montserrat-ExtraLightItalic.ttf */,
				89829DA5AF5B49FE8A5DFDD5 /* Montserrat-Italic.ttf */,
				C771DD4C2ED8413F9F5E59B0 /* Montserrat-Light.ttf */,
				CB57F0E3F0994544B25EE1CC /* Montserrat-LightItalic.ttf */,
				4CC6606616B043F3AA057494 /* Montserrat-Medium.ttf */,
				580B05EA68FC4C03BB727977 /* Montserrat-MediumItalic.ttf */,
				E4238F66900A4C918D0D2B3D /* Montserrat-Regular.ttf */,
				839330A26CE744D9A3A03C38 /* Montserrat-SemiBold.ttf */,
				9FE8F2D634AE419091570DE5 /* Montserrat-SemiBoldItalic.ttf */,
				54A014AA0EF0430295CB8889 /* Montserrat-Thin.ttf */,
				F6A42D8EAE594A1C9830ADD5 /* Montserrat-ThinItalic.ttf */,
				5E5E615363FB4A149CEF2040 /* AntDesign.ttf */,
				D303E3D7449049C8AED88AE6 /* Entypo.ttf */,
				ABB0F6F971BE4D19B3E8E9FB /* EvilIcons.ttf */,
				2162725A22B849DEA90D7514 /* Feather.ttf */,
				E8EB79CB74E046A5B362443A /* FontAwesome.ttf */,
				753F51BED06F46C48BD2A473 /* FontAwesome5_Brands.ttf */,
				C9C7EA4987F94FCE9043AC5C /* FontAwesome5_Regular.ttf */,
				7586B9C0924048EE88064478 /* FontAwesome5_Solid.ttf */,
				38C12068A1E74C0E8317F42E /* Fontisto.ttf */,
				C461A332F69D43019221A6BD /* Foundation.ttf */,
				A2AF7BB46C624A99907FFD09 /* Ionicons.ttf */,
				3EDE2C29CE59441EA0D9129E /* MaterialCommunityIcons.ttf */,
				C251ABF2D41D4F5281B1B2A2 /* MaterialIcons.ttf */,
				57643C0DF4D8468A96D570D5 /* Octicons.ttf */,
				D5E82246EF334D3083504705 /* SimpleLineIcons.ttf */,
				038D035E422B4407BAD6D88E /* Zocial.ttf */,
				169F334D5AED48D7940C10A0 /* ProductSans-Black.ttf */,
				5AC236641CF240C695A16458 /* ProductSans-BlackItalic.ttf */,
				5ABEB9BB833B48099A5ECCD3 /* ProductSans-Bold.ttf */,
				4A3379D567CF4FD59F2A543C /* ProductSans-BoldItalic.ttf */,
				24FC7E981D8E4146A431F75C /* ProductSans-Italic.ttf */,
				022F08DFF3994171A8EACC54 /* ProductSans-Light.ttf */,
				445A81E62C99439DA91574C6 /* ProductSans-LightItalic.ttf */,
				84B810C344C84C6A8E9C4BD8 /* ProductSans-Medium.ttf */,
				2B073FC719A6441A99C753D9 /* ProductSans-MediumItalic.ttf */,
				6559BA8969C74AEA90CE6DEB /* ProductSans-Regular.ttf */,
				CBE6B420A6044BACB7D23668 /* ProductSans-Thin.ttf */,
				9AB5AD795BBB4C82B9BB837E /* ProductSans-ThinItalic.ttf */,
			);
			name = Resources;
			sourceTree = "<group>";
			path = "";
		};
/* End PBXGroup section */

/* Begin PBXNativeTarget section */
		00E356ED1AD99517003FC87E /* QuemMeDeveTests */ = {
			isa = PBXNativeTarget;
			buildConfigurationList = 00E357021AD99517003FC87E /* Build configuration list for PBXNativeTarget "QuemMeDeveTests" */;
			buildPhases = (
				A130D646172E58E1D159D8F2 /* [CP] Check Pods Manifest.lock */,
				00E356EA1AD99517003FC87E /* Sources */,
				00E356EB1AD99517003FC87E /* Frameworks */,
				00E356EC1AD99517003FC87E /* Resources */,
				077E01280D4B4AD18B2E1770 /* [CP] Embed Pods Frameworks */,
				4E62BDF20514810D028A5FBF /* [CP] Copy Pods Resources */,
			);
			buildRules = (
			);
			dependencies = (
				00E356F51AD99517003FC87E /* PBXTargetDependency */,
			);
			name = QuemMeDeveTests;
			productName = QuemMeDeveTests;
			productReference = 00E356EE1AD99517003FC87E /* QuemMeDeveTests.xctest */;
			productType = "com.apple.product-type.bundle.unit-test";
		};
		13B07F861A680F5B00A75B9A /* QuemMeDeve */ = {
			isa = PBXNativeTarget;
			buildConfigurationList = 13B07F931A680F5B00A75B9A /* Build configuration list for PBXNativeTarget "QuemMeDeve" */;
			buildPhases = (
				3E482C27206C4DEF2FE45063 /* [CP] Check Pods Manifest.lock */,
				FD10A7F022414F080027D42C /* Start Packager */,
				13B07F871A680F5B00A75B9A /* Sources */,
				13B07F8C1A680F5B00A75B9A /* Frameworks */,
				13B07F8E1A680F5B00A75B9A /* Resources */,
				00DD1BFF1BD5951E006B06BC /* Bundle React Native code and images */,
				C8AC78B0264D0F9F6F6D630E /* [CP] Embed Pods Frameworks */,
				ADC9DDC32298B72B3CF5DC8E /* [CP] Copy Pods Resources */,
			);
			buildRules = (
			);
			dependencies = (
			);
			name = QuemMeDeve;
			productName = QuemMeDeve;
			productReference = 13B07F961A680F5B00A75B9A /* QuemMeDeve.app */;
			productType = "com.apple.product-type.application";
		};
/* End PBXNativeTarget section */

/* Begin PBXProject section */
		83CBB9F71A601CBA00E9B192 /* Project object */ = {
			isa = PBXProject;
			attributes = {
				LastUpgradeCheck = 1210;
				TargetAttributes = {
					00E356ED1AD99517003FC87E = {
						CreatedOnToolsVersion = 6.2;
						TestTargetID = 13B07F861A680F5B00A75B9A;
					};
					13B07F861A680F5B00A75B9A = {
						LastSwiftMigration = 1120;
					};
				};
			};
			buildConfigurationList = 83CBB9FA1A601CBA00E9B192 /* Build configuration list for PBXProject "QuemMeDeve" */;
			compatibilityVersion = "Xcode 12.0";
			developmentRegion = en;
			hasScannedForEncodings = 0;
			knownRegions = (
				en,
				Base,
			);
			mainGroup = 83CBB9F61A601CBA00E9B192;
			productRefGroup = 83CBBA001A601CBA00E9B192 /* Products */;
			projectDirPath = "";
			projectRoot = "";
			targets = (
				13B07F861A680F5B00A75B9A /* QuemMeDeve */,
				00E356ED1AD99517003FC87E /* QuemMeDeveTests */,
			);
		};
/* End PBXProject section */

/* Begin PBXResourcesBuildPhase section */
		00E356EC1AD99517003FC87E /* Resources */ = {
			isa = PBXResourcesBuildPhase;
			buildActionMask = 2147483647;
			files = (
			);
			runOnlyForDeploymentPostprocessing = 0;
		};
		13B07F8E1A680F5B00A75B9A /* Resources */ = {
			isa = PBXResourcesBuildPhase;
			buildActionMask = 2147483647;
			files = (
				81AB9BB82411601600AC10FF /* LaunchScreen.storyboard in Resources */,
				13B07FBF1A68108700A75B9A /* Images.xcassets in Resources */,
				67FEBBADE710466B9F174E5E /* Montserrat-Black.ttf in Resources */,
				839DA6EB79DB4E4999CED349 /* Montserrat-BlackItalic.ttf in Resources */,
				9AC98702F9D6450AB588575F /* Montserrat-Bold.ttf in Resources */,
				B957331A7FF74305AD690191 /* Montserrat-BoldItalic.ttf in Resources */,
				AEC112178BAA41A9A9B59C15 /* Montserrat-ExtraBold.ttf in Resources */,
				33D31B9FB66A4CB597A0209D /* Montserrat-ExtraBoldItalic.ttf in Resources */,
				BF9DAC451DBF48BF81BEA29B /* Montserrat-ExtraLight.ttf in Resources */,
				F9BEDBC256954933AE3FE556 /* Montserrat-ExtraLightItalic.ttf in Resources */,
				B2657730176E4126976C92B3 /* Montserrat-Italic.ttf in Resources */,
				08CC6913607440C1842245B5 /* Montserrat-Light.ttf in Resources */,
				D61CCD705F8840C7A5395798 /* Montserrat-LightItalic.ttf in Resources */,
				F5147F40970D4B5D8180369F /* Montserrat-Medium.ttf in Resources */,
				D01F5C03340143CFAC97C073 /* Montserrat-MediumItalic.ttf in Resources */,
				6DB75E84EDA5401487B58DF0 /* Montserrat-Regular.ttf in Resources */,
				B20440C59D304951ACC8F591 /* Montserrat-SemiBold.ttf in Resources */,
				3EC98BFCFE594D53888B4EB3 /* Montserrat-SemiBoldItalic.ttf in Resources */,
				4B05C1BF9C304A2591C83962 /* Montserrat-Thin.ttf in Resources */,
				5E0DFE10FFCD42348C1EC195 /* Montserrat-ThinItalic.ttf in Resources */,
				AF249FCB02A64A73AD7A3EE0 /* AntDesign.ttf in Resources */,
				3118E86713FE4760A8CFF15D /* Entypo.ttf in Resources */,
				2E5E663167164A058068B7BE /* EvilIcons.ttf in Resources */,
				9E0FA9B8582441A5934466FA /* Feather.ttf in Resources */,
				F29B24E72C3741019D42F522 /* FontAwesome.ttf in Resources */,
				0B60156B97DD4A179FC583D3 /* FontAwesome5_Brands.ttf in Resources */,
				F14D1A05F1A446ACB68A5328 /* FontAwesome5_Regular.ttf in Resources */,
				14D6846B21AD44FD8F524322 /* FontAwesome5_Solid.ttf in Resources */,
				1A28CAC54E3E4F75A4185AC2 /* Fontisto.ttf in Resources */,
				88C71FA9B3DA4B8AB6F91895 /* Foundation.ttf in Resources */,
				78BA422EB66B4E5C97D684BF /* Ionicons.ttf in Resources */,
				B2FC7784E39645C584732326 /* MaterialCommunityIcons.ttf in Resources */,
				BF8C730174F841389502C6E3 /* MaterialIcons.ttf in Resources */,
				774C0D7541EE4153B8CE1E0B /* Octicons.ttf in Resources */,
				E5AEB50E657E490895D89EEA /* SimpleLineIcons.ttf in Resources */,
				5FAA3751B7C341A4A38F15F3 /* Zocial.ttf in Resources */,
				87521A6D480F44FA8D929226 /* ProductSans-Black.ttf in Resources */,
				68A1CD6C9C67414DB106BF83 /* ProductSans-BlackItalic.ttf in Resources */,
				2BF697EFE48844C98810940F /* ProductSans-Bold.ttf in Resources */,
				9BDCD9B693434F56A1B5FE3C /* ProductSans-BoldItalic.ttf in Resources */,
				31E843E09350416F8616310E /* ProductSans-Italic.ttf in Resources */,
				9CC3E3F5C6B349948986CA95 /* ProductSans-Light.ttf in Resources */,
				5840AE16EBA445E7BB9F6644 /* ProductSans-LightItalic.ttf in Resources */,
				38A927759D5F40DBB7474D2F /* ProductSans-Medium.ttf in Resources */,
				F690E3EAE38141DCAC1451FC /* ProductSans-MediumItalic.ttf in Resources */,
				1C9118B8165849099C6A933E /* ProductSans-Regular.ttf in Resources */,
				0B7FD162AA5D4770ACCFAD08 /* ProductSans-Thin.ttf in Resources */,
				5618D28A936446C0A0615F4E /* ProductSans-ThinItalic.ttf in Resources */,
			);
			runOnlyForDeploymentPostprocessing = 0;
		};
/* End PBXResourcesBuildPhase section */

/* Begin PBXShellScriptBuildPhase section */
		00DD1BFF1BD5951E006B06BC /* Bundle React Native code and images */ = {
			isa = PBXShellScriptBuildPhase;
			buildActionMask = 2147483647;
			files = (
			);
			inputPaths = (
			);
			name = "Bundle React Native code and images";
			outputPaths = (
			);
			runOnlyForDeploymentPostprocessing = 0;
			shellPath = /bin/sh;
			shellScript = "set -e\n\nexport NODE_BINARY=node\n../node_modules/react-native/scripts/react-native-xcode.sh\n";
		};
		077E01280D4B4AD18B2E1770 /* [CP] Embed Pods Frameworks */ = {
			isa = PBXShellScriptBuildPhase;
			buildActionMask = 2147483647;
			files = (
			);
			inputFileListPaths = (
				"${PODS_ROOT}/Target Support Files/Pods-QuemMeDeve-QuemMeDeveTests/Pods-QuemMeDeve-QuemMeDeveTests-frameworks-${CONFIGURATION}-input-files.xcfilelist",
			);
			name = "[CP] Embed Pods Frameworks";
			outputFileListPaths = (
				"${PODS_ROOT}/Target Support Files/Pods-QuemMeDeve-QuemMeDeveTests/Pods-QuemMeDeve-QuemMeDeveTests-frameworks-${CONFIGURATION}-output-files.xcfilelist",
			);
			runOnlyForDeploymentPostprocessing = 0;
			shellPath = /bin/sh;
			shellScript = "\"${PODS_ROOT}/Target Support Files/Pods-QuemMeDeve-QuemMeDeveTests/Pods-QuemMeDeve-QuemMeDeveTests-frameworks.sh\"\n";
			showEnvVarsInLog = 0;
		};
		3E482C27206C4DEF2FE45063 /* [CP] Check Pods Manifest.lock */ = {
			isa = PBXShellScriptBuildPhase;
			buildActionMask = 2147483647;
			files = (
			);
			inputFileListPaths = (
			);
			inputPaths = (
				"${PODS_PODFILE_DIR_PATH}/Podfile.lock",
				"${PODS_ROOT}/Manifest.lock",
			);
			name = "[CP] Check Pods Manifest.lock";
			outputFileListPaths = (
			);
			outputPaths = (
				"$(DERIVED_FILE_DIR)/Pods-QuemMeDeve-checkManifestLockResult.txt",
			);
			runOnlyForDeploymentPostprocessing = 0;
			shellPath = /bin/sh;
			shellScript = "diff \"${PODS_PODFILE_DIR_PATH}/Podfile.lock\" \"${PODS_ROOT}/Manifest.lock\" > /dev/null\nif [ $? != 0 ] ; then\n    # print error to STDERR\n    echo \"error: The sandbox is not in sync with the Podfile.lock. Run 'pod install' or update your CocoaPods installation.\" >&2\n    exit 1\nfi\n# This output is used by Xcode 'outputs' to avoid re-running this script phase.\necho \"SUCCESS\" > \"${SCRIPT_OUTPUT_FILE_0}\"\n";
			showEnvVarsInLog = 0;
		};
		4E62BDF20514810D028A5FBF /* [CP] Copy Pods Resources */ = {
			isa = PBXShellScriptBuildPhase;
			buildActionMask = 2147483647;
			files = (
			);
			inputFileListPaths = (
				"${PODS_ROOT}/Target Support Files/Pods-QuemMeDeve-QuemMeDeveTests/Pods-QuemMeDeve-QuemMeDeveTests-resources-${CONFIGURATION}-input-files.xcfilelist",
			);
			name = "[CP] Copy Pods Resources";
			outputFileListPaths = (
				"${PODS_ROOT}/Target Support Files/Pods-QuemMeDeve-QuemMeDeveTests/Pods-QuemMeDeve-QuemMeDeveTests-resources-${CONFIGURATION}-output-files.xcfilelist",
			);
			runOnlyForDeploymentPostprocessing = 0;
			shellPath = /bin/sh;
			shellScript = "\"${PODS_ROOT}/Target Support Files/Pods-QuemMeDeve-QuemMeDeveTests/Pods-QuemMeDeve-QuemMeDeveTests-resources.sh\"\n";
			showEnvVarsInLog = 0;
		};
		A130D646172E58E1D159D8F2 /* [CP] Check Pods Manifest.lock */ = {
			isa = PBXShellScriptBuildPhase;
			buildActionMask = 2147483647;
			files = (
			);
			inputFileListPaths = (
			);
			inputPaths = (
				"${PODS_PODFILE_DIR_PATH}/Podfile.lock",
				"${PODS_ROOT}/Manifest.lock",
			);
			name = "[CP] Check Pods Manifest.lock";
			outputFileListPaths = (
			);
			outputPaths = (
				"$(DERIVED_FILE_DIR)/Pods-QuemMeDeve-QuemMeDeveTests-checkManifestLockResult.txt",
			);
			runOnlyForDeploymentPostprocessing = 0;
			shellPath = /bin/sh;
			shellScript = "diff \"${PODS_PODFILE_DIR_PATH}/Podfile.lock\" \"${PODS_ROOT}/Manifest.lock\" > /dev/null\nif [ $? != 0 ] ; then\n    # print error to STDERR\n    echo \"error: The sandbox is not in sync with the Podfile.lock. Run 'pod install' or update your CocoaPods installation.\" >&2\n    exit 1\nfi\n# This output is used by Xcode 'outputs' to avoid re-running this script phase.\necho \"SUCCESS\" > \"${SCRIPT_OUTPUT_FILE_0}\"\n";
			showEnvVarsInLog = 0;
		};
		ADC9DDC32298B72B3CF5DC8E /* [CP] Copy Pods Resources */ = {
			isa = PBXShellScriptBuildPhase;
			buildActionMask = 2147483647;
			files = (
			);
			inputFileListPaths = (
				"${PODS_ROOT}/Target Support Files/Pods-QuemMeDeve/Pods-QuemMeDeve-resources-${CONFIGURATION}-input-files.xcfilelist",
			);
			name = "[CP] Copy Pods Resources";
			outputFileListPaths = (
				"${PODS_ROOT}/Target Support Files/Pods-QuemMeDeve/Pods-QuemMeDeve-resources-${CONFIGURATION}-output-files.xcfilelist",
			);
			runOnlyForDeploymentPostprocessing = 0;
			shellPath = /bin/sh;
			shellScript = "\"${PODS_ROOT}/Target Support Files/Pods-QuemMeDeve/Pods-QuemMeDeve-resources.sh\"\n";
			showEnvVarsInLog = 0;
		};
		C8AC78B0264D0F9F6F6D630E /* [CP] Embed Pods Frameworks */ = {
			isa = PBXShellScriptBuildPhase;
			buildActionMask = 2147483647;
			files = (
			);
			inputFileListPaths = (
				"${PODS_ROOT}/Target Support Files/Pods-QuemMeDeve/Pods-QuemMeDeve-frameworks-${CONFIGURATION}-input-files.xcfilelist",
			);
			name = "[CP] Embed Pods Frameworks";
			outputFileListPaths = (
				"${PODS_ROOT}/Target Support Files/Pods-QuemMeDeve/Pods-QuemMeDeve-frameworks-${CONFIGURATION}-output-files.xcfilelist",
			);
			runOnlyForDeploymentPostprocessing = 0;
			shellPath = /bin/sh;
			shellScript = "\"${PODS_ROOT}/Target Support Files/Pods-QuemMeDeve/Pods-QuemMeDeve-frameworks.sh\"\n";
			showEnvVarsInLog = 0;
		};
		FD10A7F022414F080027D42C /* Start Packager */ = {
			isa = PBXShellScriptBuildPhase;
			buildActionMask = 2147483647;
			files = (
			);
			inputFileListPaths = (
			);
			inputPaths = (
			);
			name = "Start Packager";
			outputFileListPaths = (
			);
			outputPaths = (
			);
			runOnlyForDeploymentPostprocessing = 0;
			shellPath = /bin/sh;
			shellScript = "export RCT_METRO_PORT=\"${RCT_METRO_PORT:=8081}\"\necho \"export RCT_METRO_PORT=${RCT_METRO_PORT}\" > \"${SRCROOT}/../node_modules/react-native/scripts/.packager.env\"\nif [ -z \"${RCT_NO_LAUNCH_PACKAGER+xxx}\" ] ; then\n  if nc -w 5 -z localhost ${RCT_METRO_PORT} ; then\n    if ! curl -s \"http://localhost:${RCT_METRO_PORT}/status\" | grep -q \"packager-status:running\" ; then\n      echo \"Port ${RCT_METRO_PORT} already in use, packager is either not running or not running correctly\"\n      exit 2\n    fi\n  else\n    open \"$SRCROOT/../node_modules/react-native/scripts/launchPackager.command\" || echo \"Can't start packager automatically\"\n  fi\nfi\n";
			showEnvVarsInLog = 0;
		};
/* End PBXShellScriptBuildPhase section */

/* Begin PBXSourcesBuildPhase section */
		00E356EA1AD99517003FC87E /* Sources */ = {
			isa = PBXSourcesBuildPhase;
			buildActionMask = 2147483647;
			files = (
				00E356F31AD99517003FC87E /* QuemMeDeveTests.m in Sources */,
			);
			runOnlyForDeploymentPostprocessing = 0;
		};
		13B07F871A680F5B00A75B9A /* Sources */ = {
			isa = PBXSourcesBuildPhase;
			buildActionMask = 2147483647;
			files = (
				13B07FBC1A68108700A75B9A /* AppDelegate.m in Sources */,
				13B07FC11A68108700A75B9A /* main.m in Sources */,
			);
			runOnlyForDeploymentPostprocessing = 0;
		};
/* End PBXSourcesBuildPhase section */

/* Begin PBXTargetDependency section */
		00E356F51AD99517003FC87E /* PBXTargetDependency */ = {
			isa = PBXTargetDependency;
			target = 13B07F861A680F5B00A75B9A /* QuemMeDeve */;
			targetProxy = 00E356F41AD99517003FC87E /* PBXContainerItemProxy */;
		};
/* End PBXTargetDependency section */

/* Begin XCBuildConfiguration section */
		00E356F61AD99517003FC87E /* Debug */ = {
			isa = XCBuildConfiguration;
			baseConfigurationReference = 6C97AB639B58BBB4B15BBE30 /* Pods-QuemMeDeve-QuemMeDeveTests.debug.xcconfig */;
			buildSettings = {
				BUNDLE_LOADER = "$(TEST_HOST)";
				GCC_PREPROCESSOR_DEFINITIONS = (
					"DEBUG=1",
					"$(inherited)",
				);
				INFOPLIST_FILE = QuemMeDeveTests/Info.plist;
				IPHONEOS_DEPLOYMENT_TARGET = 11.0;
				LD_RUNPATH_SEARCH_PATHS = (
					"$(inherited)",
					"@executable_path/Frameworks",
					"@loader_path/Frameworks",
				);
				OTHER_LDFLAGS = (
					"-ObjC",
					"-lc++",
					"$(inherited)",
				);
				PRODUCT_BUNDLE_IDENTIFIER = "org.reactjs.native.example.$(PRODUCT_NAME:rfc1034identifier)";
				PRODUCT_NAME = "$(TARGET_NAME)";
				TEST_HOST = "$(BUILT_PRODUCTS_DIR)/QuemMeDeve.app/QuemMeDeve";
			};
			name = Debug;
		};
		00E356F71AD99517003FC87E /* Release */ = {
			isa = XCBuildConfiguration;
			baseConfigurationReference = 1D0AE47A65C8663E3B452821 /* Pods-QuemMeDeve-QuemMeDeveTests.release.xcconfig */;
			buildSettings = {
				BUNDLE_LOADER = "$(TEST_HOST)";
				COPY_PHASE_STRIP = NO;
				INFOPLIST_FILE = QuemMeDeveTests/Info.plist;
				IPHONEOS_DEPLOYMENT_TARGET = 11.0;
				LD_RUNPATH_SEARCH_PATHS = (
					"$(inherited)",
					"@executable_path/Frameworks",
					"@loader_path/Frameworks",
				);
				OTHER_LDFLAGS = (
					"-ObjC",
					"-lc++",
					"$(inherited)",
				);
				PRODUCT_BUNDLE_IDENTIFIER = "org.reactjs.native.example.$(PRODUCT_NAME:rfc1034identifier)";
				PRODUCT_NAME = "$(TARGET_NAME)";
				TEST_HOST = "$(BUILT_PRODUCTS_DIR)/QuemMeDeve.app/QuemMeDeve";
			};
			name = Release;
		};
		13B07F941A680F5B00A75B9A /* Debug */ = {
			isa = XCBuildConfiguration;
			baseConfigurationReference = C0A881CF5CF3F2B244570E2A /* Pods-QuemMeDeve.debug.xcconfig */;
			buildSettings = {
				ASSETCATALOG_COMPILER_APPICON_NAME = AppIcon;
				CLANG_ENABLE_MODULES = YES;
				CURRENT_PROJECT_VERSION = 1;
				ENABLE_BITCODE = NO;
				INFOPLIST_FILE = QuemMeDeve/Info.plist;
				LD_RUNPATH_SEARCH_PATHS = (
					"$(inherited)",
					"@executable_path/Frameworks",
				);
				OTHER_LDFLAGS = (
					"$(inherited)",
					"-ObjC",
					"-lc++",
				);
				PRODUCT_BUNDLE_IDENTIFIER = "org.reactjs.native.example.$(PRODUCT_NAME:rfc1034identifier)";
				PRODUCT_NAME = QuemMeDeve;
				SWIFT_OPTIMIZATION_LEVEL = "-Onone";
				SWIFT_VERSION = 5.0;
				VERSIONING_SYSTEM = "apple-generic";
			};
			name = Debug;
		};
		13B07F951A680F5B00A75B9A /* Release */ = {
			isa = XCBuildConfiguration;
			baseConfigurationReference = D00AAFFCFCFDA5787532823F /* Pods-QuemMeDeve.release.xcconfig */;
			buildSettings = {
				ASSETCATALOG_COMPILER_APPICON_NAME = AppIcon;
				CLANG_ENABLE_MODULES = YES;
				CURRENT_PROJECT_VERSION = 1;
				INFOPLIST_FILE = QuemMeDeve/Info.plist;
				LD_RUNPATH_SEARCH_PATHS = (
					"$(inherited)",
					"@executable_path/Frameworks",
				);
				OTHER_LDFLAGS = (
					"$(inherited)",
					"-ObjC",
					"-lc++",
				);
				PRODUCT_BUNDLE_IDENTIFIER = "org.reactjs.native.example.$(PRODUCT_NAME:rfc1034identifier)";
				PRODUCT_NAME = QuemMeDeve;
				SWIFT_VERSION = 5.0;
				VERSIONING_SYSTEM = "apple-generic";
			};
			name = Release;
		};
		83CBBA201A601CBA00E9B192 /* Debug */ = {
			isa = XCBuildConfiguration;
			buildSettings = {
				ALWAYS_SEARCH_USER_PATHS = NO;
				CLANG_ANALYZER_LOCALIZABILITY_NONLOCALIZED = YES;
				CLANG_CXX_LANGUAGE_STANDARD = "gnu++0x";
				CLANG_CXX_LIBRARY = "libc++";
				CLANG_ENABLE_MODULES = YES;
				CLANG_ENABLE_OBJC_ARC = YES;
				CLANG_WARN_BLOCK_CAPTURE_AUTORELEASING = YES;
				CLANG_WARN_BOOL_CONVERSION = YES;
				CLANG_WARN_COMMA = YES;
				CLANG_WARN_CONSTANT_CONVERSION = YES;
				CLANG_WARN_DEPRECATED_OBJC_IMPLEMENTATIONS = YES;
				CLANG_WARN_DIRECT_OBJC_ISA_USAGE = YES_ERROR;
				CLANG_WARN_EMPTY_BODY = YES;
				CLANG_WARN_ENUM_CONVERSION = YES;
				CLANG_WARN_INFINITE_RECURSION = YES;
				CLANG_WARN_INT_CONVERSION = YES;
				CLANG_WARN_NON_LITERAL_NULL_CONVERSION = YES;
				CLANG_WARN_OBJC_IMPLICIT_RETAIN_SELF = YES;
				CLANG_WARN_OBJC_LITERAL_CONVERSION = YES;
				CLANG_WARN_OBJC_ROOT_CLASS = YES_ERROR;
				CLANG_WARN_QUOTED_INCLUDE_IN_FRAMEWORK_HEADER = YES;
				CLANG_WARN_RANGE_LOOP_ANALYSIS = YES;
				CLANG_WARN_STRICT_PROTOTYPES = YES;
				CLANG_WARN_SUSPICIOUS_MOVE = YES;
				CLANG_WARN_UNREACHABLE_CODE = YES;
				CLANG_WARN__DUPLICATE_METHOD_MATCH = YES;
				"CODE_SIGN_IDENTITY[sdk=iphoneos*]" = "iPhone Developer";
				COPY_PHASE_STRIP = NO;
				ENABLE_STRICT_OBJC_MSGSEND = YES;
				ENABLE_TESTABILITY = YES;
				"EXCLUDED_ARCHS[sdk=iphonesimulator*]" = "arm64 ";
				GCC_C_LANGUAGE_STANDARD = gnu99;
				GCC_DYNAMIC_NO_PIC = NO;
				GCC_NO_COMMON_BLOCKS = YES;
				GCC_OPTIMIZATION_LEVEL = 0;
				GCC_PREPROCESSOR_DEFINITIONS = (
					"DEBUG=1",
					"$(inherited)",
				);
				GCC_SYMBOLS_PRIVATE_EXTERN = NO;
				GCC_WARN_64_TO_32_BIT_CONVERSION = YES;
				GCC_WARN_ABOUT_RETURN_TYPE = YES_ERROR;
				GCC_WARN_UNDECLARED_SELECTOR = YES;
				GCC_WARN_UNINITIALIZED_AUTOS = YES_AGGRESSIVE;
				GCC_WARN_UNUSED_FUNCTION = YES;
				GCC_WARN_UNUSED_VARIABLE = YES;
				IPHONEOS_DEPLOYMENT_TARGET = 11.0;
				LD_RUNPATH_SEARCH_PATHS = (
					/usr/lib/swift,
					"$(inherited)",
				);
				LIBRARY_SEARCH_PATHS = (
					"\"$(SDKROOT)/usr/lib/swift\"",
					"\"$(TOOLCHAIN_DIR)/usr/lib/swift/$(PLATFORM_NAME)\"",
					"\"$(TOOLCHAIN_DIR)/usr/lib/swift-5.0/$(PLATFORM_NAME)\"",
					"\"$(inherited)\"",
				);
				MTL_ENABLE_DEBUG_INFO = YES;
				ONLY_ACTIVE_ARCH = YES;
				SDKROOT = iphoneos;
			};
			name = Debug;
		};
		83CBBA211A601CBA00E9B192 /* Release */ = {
			isa = XCBuildConfiguration;
			buildSettings = {
				ALWAYS_SEARCH_USER_PATHS = NO;
				CLANG_ANALYZER_LOCALIZABILITY_NONLOCALIZED = YES;
				CLANG_CXX_LANGUAGE_STANDARD = "gnu++0x";
				CLANG_CXX_LIBRARY = "libc++";
				CLANG_ENABLE_MODULES = YES;
				CLANG_ENABLE_OBJC_ARC = YES;
				CLANG_WARN_BLOCK_CAPTURE_AUTORELEASING = YES;
				CLANG_WARN_BOOL_CONVERSION = YES;
				CLANG_WARN_COMMA = YES;
				CLANG_WARN_CONSTANT_CONVERSION = YES;
				CLANG_WARN_DEPRECATED_OBJC_IMPLEMENTATIONS = YES;
				CLANG_WARN_DIRECT_OBJC_ISA_USAGE = YES_ERROR;
				CLANG_WARN_EMPTY_BODY = YES;
				CLANG_WARN_ENUM_CONVERSION = YES;
				CLANG_WARN_INFINITE_RECURSION = YES;
				CLANG_WARN_INT_CONVERSION = YES;
				CLANG_WARN_NON_LITERAL_NULL_CONVERSION = YES;
				CLANG_WARN_OBJC_IMPLICIT_RETAIN_SELF = YES;
				CLANG_WARN_OBJC_LITERAL_CONVERSION = YES;
				CLANG_WARN_OBJC_ROOT_CLASS = YES_ERROR;
				CLANG_WARN_QUOTED_INCLUDE_IN_FRAMEWORK_HEADER = YES;
				CLANG_WARN_RANGE_LOOP_ANALYSIS = YES;
				CLANG_WARN_STRICT_PROTOTYPES = YES;
				CLANG_WARN_SUSPICIOUS_MOVE = YES;
				CLANG_WARN_UNREACHABLE_CODE = YES;
				CLANG_WARN__DUPLICATE_METHOD_MATCH = YES;
				"CODE_SIGN_IDENTITY[sdk=iphoneos*]" = "iPhone Developer";
				COPY_PHASE_STRIP = YES;
				ENABLE_NS_ASSERTIONS = NO;
				ENABLE_STRICT_OBJC_MSGSEND = YES;
				"EXCLUDED_ARCHS[sdk=iphonesimulator*]" = "arm64 ";
				GCC_C_LANGUAGE_STANDARD = gnu99;
				GCC_NO_COMMON_BLOCKS = YES;
				GCC_WARN_64_TO_32_BIT_CONVERSION = YES;
				GCC_WARN_ABOUT_RETURN_TYPE = YES_ERROR;
				GCC_WARN_UNDECLARED_SELECTOR = YES;
				GCC_WARN_UNINITIALIZED_AUTOS = YES_AGGRESSIVE;
				GCC_WARN_UNUSED_FUNCTION = YES;
				GCC_WARN_UNUSED_VARIABLE = YES;
				IPHONEOS_DEPLOYMENT_TARGET = 11.0;
				LD_RUNPATH_SEARCH_PATHS = (
					/usr/lib/swift,
					"$(inherited)",
				);
				LIBRARY_SEARCH_PATHS = (
					"\"$(SDKROOT)/usr/lib/swift\"",
					"\"$(TOOLCHAIN_DIR)/usr/lib/swift/$(PLATFORM_NAME)\"",
					"\"$(TOOLCHAIN_DIR)/usr/lib/swift-5.0/$(PLATFORM_NAME)\"",
					"\"$(inherited)\"",
				);
				MTL_ENABLE_DEBUG_INFO = NO;
				SDKROOT = iphoneos;
				VALIDATE_PRODUCT = YES;
			};
			name = Release;
		};
/* End XCBuildConfiguration section */

/* Begin XCConfigurationList section */
		00E357021AD99517003FC87E /* Build configuration list for PBXNativeTarget "QuemMeDeveTests" */ = {
			isa = XCConfigurationList;
			buildConfigurations = (
				00E356F61AD99517003FC87E /* Debug */,
				00E356F71AD99517003FC87E /* Release */,
			);
			defaultConfigurationIsVisible = 0;
			defaultConfigurationName = Release;
		};
		13B07F931A680F5B00A75B9A /* Build configuration list for PBXNativeTarget "QuemMeDeve" */ = {
			isa = XCConfigurationList;
			buildConfigurations = (
				13B07F941A680F5B00A75B9A /* Debug */,
				13B07F951A680F5B00A75B9A /* Release */,
			);
			defaultConfigurationIsVisible = 0;
			defaultConfigurationName = Release;
		};
		83CBB9FA1A601CBA00E9B192 /* Build configuration list for PBXProject "QuemMeDeve" */ = {
			isa = XCConfigurationList;
			buildConfigurations = (
				83CBBA201A601CBA00E9B192 /* Debug */,
				83CBBA211A601CBA00E9B192 /* Release */,
			);
			defaultConfigurationIsVisible = 0;
			defaultConfigurationName = Release;
		};
/* End XCConfigurationList section */
	};
	rootObject = 83CBB9F71A601CBA00E9B192 /* Project object */;
}
